// !$*UTF8*$!
{
	archiveVersion = 1;
	classes = {
	};
	objectVersion = 110;
	objects = {

/* Begin PBXContainerItemProxy section */
		140DD7003076CD15002CACE4 /* PBXContainerItemProxy */ = {
			isa = PBXContainerItemProxy;
			containerPortal = 140DD6E83076CD14002CACE4 /* Project object */;
			proxyType = 1;
			remoteGlobalIDString = 140DD6EF3076CD14002CACE4;
			remoteInfo = CasaConta;
		};
		140DD70A3076CD15002CACE4 /* PBXContainerItemProxy */ = {
			isa = PBXContainerItemProxy;
			containerPortal = 140DD6E83076CD14002CACE4 /* Project object */;
			proxyType = 1;
			remoteGlobalIDString = 140DD6EF3076CD14002CACE4;
			remoteInfo = CasaConta;
		};
/* End PBXContainerItemProxy section */

/* Begin PBXFileReference section */
		140DD6F03076CD14002CACE4 /* CasaConta.app */ = {isa = PBXFileReference; explicitFileType = wrapper.application; includeInIndex = 0; path = CasaConta.app; sourceTree = BUILT_PRODUCTS_DIR; };
		140DD6FF3076CD15002CACE4 /* CasaContaTests.xctest */ = {isa = PBXFileReference; explicitFileType = wrapper.cfbundle; includeInIndex = 0; path = CasaContaTests.xctest; sourceTree = BUILT_PRODUCTS_DIR; };
		140DD7093076CD15002CACE4 /* CasaContaUITests.xctest */ = {isa = PBXFileReference; explicitFileType = wrapper.cfbundle; includeInIndex = 0; path = CasaContaUITests.xctest; sourceTree = BUILT_PRODUCTS_DIR; };
/* End PBXFileReference section */

/* Begin PBXFileSystemSynchronizedRootGroup section */
		140DD6F23076CD14002CACE4 /* CasaConta */ = {
			isa = PBXFileSystemSynchronizedRootGroup;
			path = CasaConta;
			sourceTree = "<group>";
		};
		140DD7023076CD15002CACE4 /* CasaContaTests */ = {
			isa = PBXFileSystemSynchronizedRootGroup;
			path = CasaContaTests;
			sourceTree = "<group>";
		};
		140DD70C3076CD15002CACE4 /* CasaContaUITests */ = {
			isa = PBXFileSystemSynchronizedRootGroup;
			path = CasaContaUITests;
			sourceTree = "<group>";
		};
/* End PBXFileSystemSynchronizedRootGroup section */

/* Begin PBXFrameworksBuildPhase section */
		140DD6ED3076CD14002CACE4 /* Frameworks */ = {
			isa = PBXFrameworksBuildPhase;
			files = (
			);
		};
		140DD6FC3076CD15002CACE4 /* Frameworks */ = {
			isa = PBXFrameworksBuildPhase;
			files = (
			);
		};
		140DD7063076CD15002CACE4 /* Frameworks */ = {
			isa = PBXFrameworksBuildPhase;
			files = (
			);
		};
/* End PBXFrameworksBuildPhase section */

/* Begin PBXGroup section */
		140DD6E73076CD14002CACE4 = {
			isa = PBXGroup;
			children = (
				140DD6F23076CD14002CACE4 /* CasaConta */,
				140DD7023076CD15002CACE4 /* CasaContaTests */,
				140DD70C3076CD15002CACE4 /* CasaContaUITests */,
				140DD6F13076CD14002CACE4 /* Products */,
			);
			sourceTree = "<group>";
		};
		140DD6F13076CD14002CACE4 /* Products */ = {
			isa = PBXGroup;
			children = (
				140DD6F03076CD14002CACE4 /* CasaConta.app */,
				140DD6FF3076CD15002CACE4 /* CasaContaTests.xctest */,
				140DD7093076CD15002CACE4 /* CasaContaUITests.xctest */,
			);
			name = Products;
			sourceTree = "<group>";
		};
/* End PBXGroup section */

/* Begin PBXNativeTarget section */
		140DD6EF3076CD14002CACE4 /* CasaConta */ = {
			isa = PBXNativeTarget;
			buildConfigurationList = 140DD7113076CD15002CACE4 /* Build configuration list for PBXNativeTarget "CasaConta" */;
			buildPhases = (
				140DD6EC3076CD14002CACE4 /* Sources */,
				140DD6ED3076CD14002CACE4 /* Frameworks */,
				140DD6EE3076CD14002CACE4 /* Resources */,
			);
			buildRules = (
			);
			fileSystemSynchronizedGroups = (
				140DD6F23076CD14002CACE4 /* CasaConta */,
			);
			name = CasaConta;
			productName = CasaConta;
			productReference = 140DD6F03076CD14002CACE4 /* CasaConta.app */;
			productType = "com.apple.product-type.application";
		};
		140DD6FE3076CD15002CACE4 /* CasaContaTests */ = {
			isa = PBXNativeTarget;
			buildConfigurationList = 140DD7143076CD15002CACE4 /* Build configuration list for PBXNativeTarget "CasaContaTests" */;
			buildPhases = (
				140DD6FB3076CD15002CACE4 /* Sources */,
				140DD6FC3076CD15002CACE4 /* Frameworks */,
				140DD6FD3076CD15002CACE4 /* Resources */,
			);
			buildRules = (
			);
			dependencies = (
				140DD7013076CD15002CACE4 /* PBXTargetDependency */,
			);
			fileSystemSynchronizedGroups = (
				140DD7023076CD15002CACE4 /* CasaContaTests */,
			);
			name = CasaContaTests;
			productName = CasaContaTests;
			productReference = 140DD6FF3076CD15002CACE4 /* CasaContaTests.xctest */;
			productType = "com.apple.product-type.bundle.unit-test";
		};
		140DD7083076CD15002CACE4 /* CasaContaUITests */ = {
			isa = PBXNativeTarget;
			buildConfigurationList = 140DD7173076CD15002CACE4 /* Build configuration list for PBXNativeTarget "CasaContaUITests" */;
			buildPhases = (
				140DD7053076CD15002CACE4 /* Sources */,
				140DD7063076CD15002CACE4 /* Frameworks */,
				140DD7073076CD15002CACE4 /* Resources */,
			);
			buildRules = (
			);
			dependencies = (
				140DD70B3076CD15002CACE4 /* PBXTargetDependency */,
			);
			fileSystemSynchronizedGroups = (
				140DD70C3076CD15002CACE4 /* CasaContaUITests */,
			);
			name = CasaContaUITests;
			productName = CasaContaUITests;
			productReference = 140DD7093076CD15002CACE4 /* CasaContaUITests.xctest */;
			productType = "com.apple.product-type.bundle.ui-testing";
		};
/* End PBXNativeTarget section */

/* Begin PBXProject section */
		140DD6E83076CD14002CACE4 /* Project object */ = {
			isa = PBXProject;
			attributes = {
				BuildIndependentTargetsInParallel = 1;
				LastSwiftUpdateCheck = 2700;
				LastUpgradeCheck = 2700;
				TargetAttributes = {
					140DD6EF3076CD14002CACE4 = {
						CreatedOnToolsVersion = 27.0;
					};
					140DD6FE3076CD15002CACE4 = {
						CreatedOnToolsVersion = 27.0;
						TestTargetID = 140DD6EF3076CD14002CACE4;
					};
					140DD7083076CD15002CACE4 = {
						CreatedOnToolsVersion = 27.0;
						TestTargetID = 140DD6EF3076CD14002CACE4;
					};
				};
			};
			buildConfigurationList = 140DD6EB3076CD14002CACE4 /* Build configuration list for PBXProject "CasaConta" */;
			developmentRegion = en;
			hasScannedForEncodings = 0;
			knownRegions = (
				en,
				Base,
			);
			mainGroup = 140DD6E73076CD14002CACE4;
			minimizedProjectReferenceProxies = 1;
			packageReferences = (
				14EC8A4E3076CF3200DF50FF /* XCLocalSwiftPackageReference "../Packages/Shared" */,
			);
			preferredProjectObjectVersion = 77;
			productRefGroup = 140DD6F13076CD14002CACE4 /* Products */;
			projectDirPath = "";
			projectRoot = "";
			targets = (
				140DD6EF3076CD14002CACE4 /* CasaConta */,
				140DD6FE3076CD15002CACE4 /* CasaContaTests */,
				140DD7083076CD15002CACE4 /* CasaContaUITests */,
			);
		};
/* End PBXProject section */

/* Begin PBXResourcesBuildPhase section */
		140DD6EE3076CD14002CACE4 /* Resources */ = {
			isa = PBXResourcesBuildPhase;
			files = (
			);
		};
		140DD6FD3076CD15002CACE4 /* Resources */ = {
			isa = PBXResourcesBuildPhase;
			files = (
			);
		};
		140DD7073076CD15002CACE4 /* Resources */ = {
			isa = PBXResourcesBuildPhase;
			files = (
			);
		};
/* End PBXResourcesBuildPhase section */

/* Begin PBXSourcesBuildPhase section */
		140DD6EC3076CD14002CACE4 /* Sources */ = {
			isa = PBXSourcesBuildPhase;
			files = (
			);
		};
		140DD6FB3076CD15002CACE4 /* Sources */ = {
			isa = PBXSourcesBuildPhase;
			files = (
			);
		};
		140DD7053076CD15002CACE4 /* Sources */ = {
			isa = PBXSourcesBuildPhase;
			files = (
			);
		};
/* End PBXSourcesBuildPhase section */

/* Begin PBXTargetDependency section */
		140DD7013076CD15002CACE4 /* PBXTargetDependency */ = {
			isa = PBXTargetDependency;
			target = 140DD6EF3076CD14002CACE4 /* CasaConta */;
			targetProxy = 140DD7003076CD15002CACE4 /* PBXContainerItemProxy */;
		};
		140DD70B3076CD15002CACE4 /* PBXTargetDependency */ = {
			isa = PBXTargetDependency;
			target = 140DD6EF3076CD14002CACE4 /* CasaConta */;
			targetProxy = 140DD70A3076CD15002CACE4 /* PBXContainerItemProxy */;
		};
/* End PBXTargetDependency section */

/* Begin XCBuildConfiguration section */
		140DD70F3076CD15002CACE4 /* Debug configuration for PBXProject "CasaConta" */ = {
			isa = XCBuildConfiguration;
			buildSettings = {
				ALWAYS_SEARCH_USER_PATHS = NO;
				ASSETCATALOG_COMPILER_GENERATE_SWIFT_ASSET_SYMBOL_EXTENSIONS = YES;
				CLANG_ANALYZER_NONNULL = YES;
				CLANG_ANALYZER_NUMBER_OBJECT_CONVERSION = YES_AGGRESSIVE;
				CLANG_CXX_LANGUAGE_STANDARD = "gnu++20";
				CLANG_ENABLE_MODULES = YES;
				CLANG_ENABLE_OBJC_ARC = YES;
				CLANG_ENABLE_OBJC_WEAK = YES;
				CLANG_WARN_BLOCK_CAPTURE_AUTORELEASING = YES;
				CLANG_WARN_BOOL_CONVERSION = YES;
				CLANG_WARN_COMMA = YES;
				CLANG_WARN_CONSTANT_CONVERSION = YES;
				CLANG_WARN_DEPRECATED_OBJC_IMPLEMENTATIONS = YES;
				CLANG_WARN_DIRECT_OBJC_ISA_USAGE = YES_ERROR;
				CLANG_WARN_DOCUMENTATION_COMMENTS = YES;
				CLANG_WARN_EMPTY_BODY = YES;
				CLANG_WARN_ENUM_CONVERSION = YES;
				CLANG_WARN_INFINITE_RECURSION = YES;
				CLANG_WARN_INT_CONVERSION = YES;
				CLANG_WARN_NON_LITERAL_NULL_CONVERSION = YES;
				CLANG_WARN_OBJC_IMPLICIT_RETAIN_SELF = YES;
				CLANG_WARN_OBJC_LITERAL_CONVERSION = YES;
				CLANG_WARN_OBJC_ROOT_CLASS = YES_ERROR;
				CLANG_WARN_QUOTED_INCLUDE_IN_FRAMEWORK_HEADER = YES;
				CLANG_WARN_RANGE_LOOP_ANALYSIS = YES;
				CLANG_WARN_STRICT_PROTOTYPES = YES;
				CLANG_WARN_SUSPICIOUS_MOVE = YES;
				CLANG_WARN_UNGUARDED_AVAILABILITY = YES_AGGRESSIVE;
				CLANG_WARN_UNREACHABLE_CODE = YES;
				CLANG_WARN__DUPLICATE_METHOD_MATCH = YES;
				COPY_PHASE_STRIP = NO;
				DEBUG_INFORMATION_FORMAT = dwarf;
				ENABLE_STRICT_OBJC_MSGSEND = YES;
				ENABLE_TESTABILITY = YES;
				ENABLE_USER_SCRIPT_SANDBOXING = YES;
				GCC_C_LANGUAGE_STANDARD = gnu17;
				GCC_DYNAMIC_NO_PIC = NO;
				GCC_NO_COMMON_BLOCKS = YES;
				GCC_OPTIMIZATION_LEVEL = 0;
				GCC_PREPROCESSOR_DEFINITIONS = (
					"DEBUG=1",
					"$(inherited)",
				);
				GCC_WARN_64_TO_32_BIT_CONVERSION = YES;
				GCC_WARN_ABOUT_RETURN_TYPE = YES_ERROR;
				GCC_WARN_UNDECLARED_SELECTOR = YES;
				GCC_WARN_UNINITIALIZED_AUTOS = YES_AGGRESSIVE;
				GCC_WARN_UNUSED_FUNCTION = YES;
				GCC_WARN_UNUSED_VARIABLE = YES;
				IPHONEOS_DEPLOYMENT_TARGET = 27.0;
				LOCALIZATION_PREFERS_STRING_CATALOGS = YES;
				MTL_ENABLE_DEBUG_INFO = INCLUDE_SOURCE;
				MTL_FAST_MATH = YES;
				ONLY_ACTIVE_ARCH = YES;
				SDKROOT = iphoneos;
				SWIFT_ACTIVE_COMPILATION_CONDITIONS = "DEBUG $(inherited)";
				SWIFT_OPTIMIZATION_LEVEL = "-Onone";
			};
			name = Debug;
		};
		140DD7103076CD15002CACE4 /* Release configuration for PBXProject "CasaConta" */ = {
			isa = XCBuildConfiguration;
			buildSettings = {
				ALWAYS_SEARCH_USER_PATHS = NO;
				ASSETCATALOG_COMPILER_GENERATE_SWIFT_ASSET_SYMBOL_EXTENSIONS = YES;
				CLANG_ANALYZER_NONNULL = YES;
				CLANG_ANALYZER_NUMBER_OBJECT_CONVERSION = YES_AGGRESSIVE;
				CLANG_CXX_LANGUAGE_STANDARD = "gnu++20";
				CLANG_ENABLE_MODULES = YES;
				CLANG_ENABLE_OBJC_ARC = YES;
				CLANG_ENABLE_OBJC_WEAK = YES;
				CLANG_WARN_BLOCK_CAPTURE_AUTORELEASING = YES;
				CLANG_WARN_BOOL_CONVERSION = YES;
				CLANG_WARN_COMMA = YES;
				CLANG_WARN_CONSTANT_CONVERSION = YES;
				CLANG_WARN_DEPRECATED_OBJC_IMPLEMENTATIONS = YES;
				CLANG_WARN_DIRECT_OBJC_ISA_USAGE = YES_ERROR;
				CLANG_WARN_DOCUMENTATION_COMMENTS = YES;
				CLANG_WARN_EMPTY_BODY = YES;
				CLANG_WARN_ENUM_CONVERSION = YES;
				CLANG_WARN_INFINITE_RECURSION = YES;
				CLANG_WARN_INT_CONVERSION = YES;
				CLANG_WARN_NON_LITERAL_NULL_CONVERSION = YES;
				CLANG_WARN_OBJC_IMPLICIT_RETAIN_SELF = YES;
				CLANG_WARN_OBJC_LITERAL_CONVERSION = YES;
				CLANG_WARN_OBJC_ROOT_CLASS = YES_ERROR;
				CLANG_WARN_QUOTED_INCLUDE_IN_FRAMEWORK_HEADER = YES;
				CLANG_WARN_RANGE_LOOP_ANALYSIS = YES;
				CLANG_WARN_STRICT_PROTOTYPES = YES;
				CLANG_WARN_SUSPICIOUS_MOVE = YES;
				CLANG_WARN_UNGUARDED_AVAILABILITY = YES_AGGRESSIVE;
				CLANG_WARN_UNREACHABLE_CODE = YES;
				CLANG_WARN__DUPLICATE_METHOD_MATCH = YES;
				COPY_PHASE_STRIP = NO;
				DEBUG_INFORMATION_FORMAT = "dwarf-with-dsym";
				ENABLE_NS_ASSERTIONS = NO;
				ENABLE_STRICT_OBJC_MSGSEND = YES;
				ENABLE_USER_SCRIPT_SANDBOXING = YES;
				GCC_C_LANGUAGE_STANDARD = gnu17;
				GCC_NO_COMMON_BLOCKS = YES;
				GCC_WARN_64_TO_32_BIT_CONVERSION = YES;
				GCC_WARN_ABOUT_RETURN_TYPE = YES_ERROR;
				GCC_WARN_UNDECLARED_SELECTOR = YES;
				GCC_WARN_UNINITIALIZED_AUTOS = YES_AGGRESSIVE;
				GCC_WARN_UNUSED_FUNCTION = YES;
				GCC_WARN_UNUSED_VARIABLE = YES;
				IPHONEOS_DEPLOYMENT_TARGET = 27.0;
				LOCALIZATION_PREFERS_STRING_CATALOGS = YES;
				MTL_ENABLE_DEBUG_INFO = NO;
				MTL_FAST_MATH = YES;
				SDKROOT = iphoneos;
				SWIFT_COMPILATION_MODE = wholemodule;
				VALIDATE_PRODUCT = YES;
			};
			name = Release;
		};
		140DD7123076CD15002CACE4 /* Debug configuration for PBXNativeTarget "CasaConta" */ = {
			isa = XCBuildConfiguration;
			buildSettings = {
				ASSETCATALOG_COMPILER_APPICON_NAME = AppIcon;
				ASSETCATALOG_COMPILER_GLOBAL_ACCENT_COLOR_NAME = AccentColor;
				CODE_SIGN_STYLE = Automatic;
				CURRENT_PROJECT_VERSION = 1;
				ENABLE_PREVIEWS = YES;
				GENERATE_INFOPLIST_FILE = YES;
				INFOPLIST_KEY_UIApplicationSceneManifest_Generation = YES;
				INFOPLIST_KEY_UIApplicationSupportsIndirectInputEvents = YES;
				INFOPLIST_KEY_UILaunchScreen_Generation = YES;
				INFOPLIST_KEY_UISupportedInterfaceOrientations_iPad = "UIInterfaceOrientationPortrait UIInterfaceOrientationPortraitUpsideDown UIInterfaceOrientationLandscapeLeft UIInterfaceOrientationLandscapeRight";
				INFOPLIST_KEY_UISupportedInterfaceOrientations_iPhone = "UIInterfaceOrientationPortrait UIInterfaceOrientationLandscapeLeft UIInterfaceOrientationLandscapeRight";
				LD_RUNPATH_SEARCH_PATHS = (
					"$(inherited)",
					"@executable_path/Frameworks",
				);
				MARKETING_VERSION = 1.0;
				PRODUCT_BUNDLE_IDENTIFIER = com.ialmo.CasaConta;
				PRODUCT_NAME = "$(TARGET_NAME)";
				STRING_CATALOG_GENERATE_SYMBOLS = YES;
				SWIFT_APPROACHABLE_CONCURRENCY = YES;
				SWIFT_DEFAULT_ACTOR_ISOLATION = MainActor;
				SWIFT_EMIT_LOC_STRINGS = YES;
				SWIFT_UPCOMING_FEATURE_MEMBER_IMPORT_VISIBILITY = YES;
				SWIFT_VERSION = 5.0;
				TARGETED_DEVICE_FAMILY = "1,2";
			};
			name = Debug;
		};
		140DD7133076CD15002CACE4 /* Release configuration for PBXNativeTarget "CasaConta" */ = {
			isa = XCBuildConfiguration;
			buildSettings = {
				ASSETCATALOG_COMPILER_APPICON_NAME = AppIcon;
				ASSETCATALOG_COMPILER_GLOBAL_ACCENT_COLOR_NAME = AccentColor;
				CODE_SIGN_STYLE = Automatic;
				CURRENT_PROJECT_VERSION = 1;
				ENABLE_PREVIEWS = YES;
				GENERATE_INFOPLIST_FILE = YES;
				INFOPLIST_KEY_UIApplicationSceneManifest_Generation = YES;
				INFOPLIST_KEY_UIApplicationSupportsIndirectInputEvents = YES;
				INFOPLIST_KEY_UILaunchScreen_Generation = YES;
				INFOPLIST_KEY_UISupportedInterfaceOrientations_iPad = "UIInterfaceOrientationPortrait UIInterfaceOrientationPortraitUpsideDown UIInterfaceOrientationLandscapeLeft UIInterfaceOrientationLandscapeRight";
				INFOPLIST_KEY_UISupportedInterfaceOrientations_iPhone = "UIInterfaceOrientationPortrait UIInterfaceOrientationLandscapeLeft UIInterfaceOrientationLandscapeRight";
				LD_RUNPATH_SEARCH_PATHS = (
					"$(inherited)",
					"@executable_path/Frameworks",
				);
				MARKETING_VERSION = 1.0;
				PRODUCT_BUNDLE_IDENTIFIER = com.ialmo.CasaConta;
				PRODUCT_NAME = "$(TARGET_NAME)";
				STRING_CATALOG_GENERATE_SYMBOLS = YES;
				SWIFT_APPROACHABLE_CONCURRENCY = YES;
				SWIFT_DEFAULT_ACTOR_ISOLATION = MainActor;
				SWIFT_EMIT_LOC_STRINGS = YES;
				SWIFT_UPCOMING_FEATURE_MEMBER_IMPORT_VISIBILITY = YES;
				SWIFT_VERSION = 5.0;
				TARGETED_DEVICE_FAMILY = "1,2";
			};
			name = Release;
		};
		140DD7153076CD15002CACE4 /* Debug configuration for PBXNativeTarget "CasaContaTests" */ = {
			isa = XCBuildConfiguration;
			buildSettings = {
				BUNDLE_LOADER = "$(TEST_HOST)";
				CODE_SIGN_STYLE = Automatic;
				CURRENT_PROJECT_VERSION = 1;
				GENERATE_INFOPLIST_FILE = YES;
				IPHONEOS_DEPLOYMENT_TARGET = 27.0;
				MARKETING_VERSION = 1.0;
				PRODUCT_BUNDLE_IDENTIFIER = com.ialmo.CasaContaTests;
				PRODUCT_NAME = "$(TARGET_NAME)";
				STRING_CATALOG_GENERATE_SYMBOLS = NO;
				SWIFT_APPROACHABLE_CONCURRENCY = YES;
				SWIFT_EMIT_LOC_STRINGS = NO;
				SWIFT_UPCOMING_FEATURE_MEMBER_IMPORT_VISIBILITY = YES;
				SWIFT_VERSION = 5.0;
				TARGETED_DEVICE_FAMILY = "1,2";
				TEST_HOST = "$(BUILT_PRODUCTS_DIR)/CasaConta.app/$(BUNDLE_EXECUTABLE_FOLDER_PATH)/CasaConta";
			};
			name = Debug;
		};
		140DD7163076CD15002CACE4 /* Release configuration for PBXNativeTarget "CasaContaTests" */ = {
			isa = XCBuildConfiguration;
			buildSettings = {
				BUNDLE_LOADER = "$(TEST_HOST)";
				CODE_SIGN_STYLE = Automatic;
				CURRENT_PROJECT_VERSION = 1;
				GENERATE_INFOPLIST_FILE = YES;
				IPHONEOS_DEPLOYMENT_TARGET = 27.0;
				MARKETING_VERSION = 1.0;
				PRODUCT_BUNDLE_IDENTIFIER = com.ialmo.CasaContaTests;
				PRODUCT_NAME = "$(TARGET_NAME)";
				STRING_CATALOG_GENERATE_SYMBOLS = NO;
				SWIFT_APPROACHABLE_CONCURRENCY = YES;
				SWIFT_EMIT_LOC_STRINGS = NO;
				SWIFT_UPCOMING_FEATURE_MEMBER_IMPORT_VISIBILITY = YES;
				SWIFT_VERSION = 5.0;
				TARGETED_DEVICE_FAMILY = "1,2";
				TEST_HOST = "$(BUILT_PRODUCTS_DIR)/CasaConta.app/$(BUNDLE_EXECUTABLE_FOLDER_PATH)/CasaConta";
			};
			name = Release;
		};
		140DD7183076CD15002CACE4 /* Debug configuration for PBXNativeTarget "CasaContaUITests" */ = {
			isa = XCBuildConfiguration;
			buildSettings = {
				CODE_SIGN_STYLE = Automatic;
				CURRENT_PROJECT_VERSION = 1;
				GENERATE_INFOPLIST_FILE = YES;
				MARKETING_VERSION = 1.0;
				PRODUCT_BUNDLE_IDENTIFIER = com.ialmo.CasaContaUITests;
				PRODUCT_NAME = "$(TARGET_NAME)";
				STRING_CATALOG_GENERATE_SYMBOLS = NO;
				SWIFT_APPROACHABLE_CONCURRENCY = YES;
				SWIFT_EMIT_LOC_STRINGS = NO;
				SWIFT_UPCOMING_FEATURE_MEMBER_IMPORT_VISIBILITY = YES;
				SWIFT_VERSION = 5.0;
				TARGETED_DEVICE_FAMILY = "1,2";
				TEST_TARGET_NAME = CasaConta;
			};
			name = Debug;
		};
		140DD7193076CD15002CACE4 /* Release configuration for PBXNativeTarget "CasaContaUITests" */ = {
			isa = XCBuildConfiguration;
			buildSettings = {
				CODE_SIGN_STYLE = Automatic;
				CURRENT_PROJECT_VERSION = 1;
				GENERATE_INFOPLIST_FILE = YES;
				MARKETING_VERSION = 1.0;
				PRODUCT_BUNDLE_IDENTIFIER = com.ialmo.CasaContaUITests;
				PRODUCT_NAME = "$(TARGET_NAME)";
				STRING_CATALOG_GENERATE_SYMBOLS = NO;
				SWIFT_APPROACHABLE_CONCURRENCY = YES;
				SWIFT_EMIT_LOC_STRINGS = NO;
				SWIFT_UPCOMING_FEATURE_MEMBER_IMPORT_VISIBILITY = YES;
				SWIFT_VERSION = 5.0;
				TARGETED_DEVICE_FAMILY = "1,2";
				TEST_TARGET_NAME = CasaConta;
			};
			name = Release;
		};
/* End XCBuildConfiguration section */

/* Begin XCConfigurationList section */
		140DD6EB3076CD14002CACE4 /* Build configuration list for PBXProject "CasaConta" */ = {
			isa = XCConfigurationList;
			buildConfigurations = (
				140DD70F3076CD15002CACE4 /* Debug configuration for PBXProject "CasaConta" */,
				140DD7103076CD15002CACE4 /* Release configuration for PBXProject "CasaConta" */,
			);
			defaultConfigurationName = Release;
		};
		140DD7113076CD15002CACE4 /* Build configuration list for PBXNativeTarget "CasaConta" */ = {
			isa = XCConfigurationList;
			buildConfigurations = (
				140DD7123076CD15002CACE4 /* Debug configuration for PBXNativeTarget "CasaConta" */,
				140DD7133076CD15002CACE4 /* Release configuration for PBXNativeTarget "CasaConta" */,
			);
			defaultConfigurationName = Release;
		};
		140DD7143076CD15002CACE4 /* Build configuration list for PBXNativeTarget "CasaContaTests" */ = {
			isa = XCConfigurationList;
			buildConfigurations = (
				140DD7153076CD15002CACE4 /* Debug configuration for PBXNativeTarget "CasaContaTests" */,
				140DD7163076CD15002CACE4 /* Release configuration for PBXNativeTarget "CasaContaTests" */,
			);
			defaultConfigurationName = Release;
		};
		140DD7173076CD15002CACE4 /* Build configuration list for PBXNativeTarget "CasaContaUITests" */ = {
			isa = XCConfigurationList;
			buildConfigurations = (
				140DD7183076CD15002CACE4 /* Debug configuration for PBXNativeTarget "CasaContaUITests" */,
				140DD7193076CD15002CACE4 /* Release configuration for PBXNativeTarget "CasaContaUITests" */,
			);
			defaultConfigurationName = Release;
		};
/* End XCConfigurationList section */

/* Begin XCLocalSwiftPackageReference section */
		14EC8A4E3076CF3200DF50FF /* XCLocalSwiftPackageReference "../Packages/Shared" */ = {
			isa = XCLocalSwiftPackageReference;
			relativePath = ../Packages/Shared;
		};
/* End XCLocalSwiftPackageReference section */
	};
	rootObject = 140DD6E83076CD14002CACE4 /* Project object */;
	validationLevel = 1;
}
